<?xml version="1.0" encoding="UTF-8"?>
<!DOCTYPE plist PUBLIC "-//Apple//DTD PLIST 1.0//EN" "http://www.apple.com/DTDs/PropertyList-1.0.dtd">
<plist version="1.0">
<dict>
	<key>archiveVersion</key>
	<string>1</string>
	<key>classes</key>
	<dict/>
	<key>objectVersion</key>
	<string>46</string>
	<key>objects</key>
	<dict>
		<key>02349D2B91C67FC8DF41467B</key>
		<dict>
			<key>fileEncoding</key>
			<string>4</string>
			<key>isa</key>
			<string>PBXFileReference</string>
			<key>lastKnownFileType</key>
			<string>wrapper.framework</string>
			<key>name</key>
			<string>MobileCoreServices.framework</string>
			<key>path</key>
			<string>System/Library/Frameworks/MobileCoreServices.framework</string>
			<key>sourceTree</key>
			<string>SDKROOT</string>
		</dict>
		<key>03B17064BA7C7F2E3E3B6037</key>
		<dict>
			<key>fileRef</key>
			<string>6DDA4ADC92A8686772390251</string>
			<key>isa</key>
			<string>PBXBuildFile</string>
		</dict>
		<key>07999F4C104D6D8804142DD6</key>
		<dict>
			<key>fileRef</key>
			<string>0833E1176D0CDF29B216DF01</string>
			<key>isa</key>
			<string>PBXBuildFile</string>
		</dict>
		<key>0833E1176D0CDF29B216DF01</key>
		<dict>
			<key>fileEncoding</key>
			<string>4</string>
			<key>isa</key>
			<string>PBXFileReference</string>
			<key>lastKnownFileType</key>
			<string>wrapper.framework</string>
			<key>name</key>
			<string>QuartzCore.framework</string>
			<key>path</key>
			<string>System/Library/Frameworks/QuartzCore.framework</string>
			<key>sourceTree</key>
			<string>SDKROOT</string>
		</dict>
		<key>0B637B72487710E20C283EDA</key>
		<dict>
			<key>fileRef</key>
			<string>A0327BEE10E8A1D3F379ECE6</string>
			<key>isa</key>
			<string>PBXBuildFile</string>
		</dict>
		<key>252D52310B1B3C82969786E8</key>
		<dict>
			<key>fileRef</key>
			<string>6DDA4ADC92A8686772390251</string>
			<key>isa</key>
			<string>PBXBuildFile</string>
		</dict>
		<key>2E754BFF252B451ECBB9B02B</key>
		<dict>
			<key>children</key>
			<array>
				<string>74A3F4442F4317D61855E20D</string>
				<string>4EFE8573075CD0C6528B6FFB</string>
			</array>
			<key>isa</key>
			<string>PBXGroup</string>
			<key>path</key>
			<string>AppCanEngine</string>
			<key>sourceTree</key>
			<string>&lt;group&gt;</string>
		</dict>
		<key>37B73AC8ADA9F5BF2F8401C1</key>
		<dict>
			<key>fileEncoding</key>
			<string>4</string>
			<key>isa</key>
			<string>PBXFileReference</string>
			<key>lastKnownFileType</key>
			<string>wrapper.framework</string>
			<key>name</key>
			<string>CFNetWork.framework</string>
			<key>path</key>
			<string>System/Library/Frameworks/CFNetWork.framework</string>
			<key>sourceTree</key>
			<string>SDKROOT</string>
		</dict>
		<key>3F56819FE3B729FE3C84C422</key>
		<dict>
			<key>fileEncoding</key>
			<string>4</string>
			<key>isa</key>
			<string>PBXFileReference</string>
			<key>lastKnownFileType</key>
			<string>archive.ar</string>
			<key>name</key>
			<string>libsqlite3.tbd</string>
			<key>path</key>
			<string>usr/lib/libsqlite3.tbd</string>
			<key>sourceTree</key>
			<string>SDKROOT</string>
		</dict>
		<key>42EE60CC1C2A9E4F007CFCB4</key>
		<dict>
			<key>buildActionMask</key>
			<string>2147483647</string>
			<key>files</key>
			<array/>
			<key>isa</key>
			<string>PBXSourcesBuildPhase</string>
			<key>runOnlyForDeploymentPostprocessing</key>
			<string>0</string>
		</dict>
		<key>42EE60CD1C2A9E4F007CFCB4</key>
		<dict>
			<key>buildActionMask</key>
			<string>2147483647</string>
			<key>files</key>
			<array/>
			<key>isa</key>
			<string>PBXFrameworksBuildPhase</string>
			<key>runOnlyForDeploymentPostprocessing</key>
			<string>0</string>
		</dict>
		<key>42EE60CE1C2A9E4F007CFCB4</key>
		<dict>
			<key>buildActionMask</key>
			<string>2147483647</string>
			<key>files</key>
			<array>
				<string>42EE60E21C2A9EE9007CFCB4</string>
				<string>42EE60E41C2A9EE9007CFCB4</string>
				<string>42EE60E51C2A9EE9007CFCB4</string>
				<string>42EE60E11C2A9EE9007CFCB4</string>
				<string>42EE60E71C2A9EE9007CFCB4</string>
				<string>42EE60E31C2A9EE9007CFCB4</string>
				<string>42EE60E01C2A9EE9007CFCB4</string>
				<string>42EE60E61C2A9EE9007CFCB4</string>
				<string>42EE60DF1C2A9EE9007CFCB4</string>
			</array>
			<key>isa</key>
			<string>PBXResourcesBuildPhase</string>
			<key>runOnlyForDeploymentPostprocessing</key>
			<string>0</string>
		</dict>
		<key>42EE60CF1C2A9E4F007CFCB4</key>
		<dict>
			<key>buildConfigurationList</key>
			<string>42EE60D51C2A9E4F007CFCB4</string>
			<key>buildPhases</key>
			<array>
				<string>42EE60CC1C2A9E4F007CFCB4</string>
				<string>42EE60CD1C2A9E4F007CFCB4</string>
				<string>42EE60CE1C2A9E4F007CFCB4</string>
			</array>
			<key>buildRules</key>
			<array/>
			<key>dependencies</key>
			<array/>
			<key>isa</key>
			<string>PBXNativeTarget</string>
			<key>name</key>
			<string>uexPieBundle</string>
			<key>productName</key>
			<string>uexPieBundle</string>
			<key>productReference</key>
			<string>42EE60D01C2A9E4F007CFCB4</string>
			<key>productType</key>
			<string>com.apple.product-type.bundle</string>
		</dict>
		<key>42EE60D01C2A9E4F007CFCB4</key>
		<dict>
			<key>explicitFileType</key>
			<string>wrapper.cfbundle</string>
			<key>includeInIndex</key>
			<string>0</string>
			<key>isa</key>
			<string>PBXFileReference</string>
			<key>path</key>
			<string>uexPie.bundle</string>
			<key>sourceTree</key>
			<string>BUILT_PRODUCTS_DIR</string>
		</dict>
		<key>42EE60D11C2A9E4F007CFCB4</key>
		<dict>
			<key>children</key>
			<array>
				<string>42EE60D61C2A9EE9007CFCB4</string>
				<string>42EE60D71C2A9EE9007CFCB4</string>
				<string>42EE60D81C2A9EE9007CFCB4</string>
				<string>42EE60D91C2A9EE9007CFCB4</string>
				<string>42EE60DA1C2A9EE9007CFCB4</string>
				<string>42EE60DB1C2A9EE9007CFCB4</string>
				<string>42EE60DC1C2A9EE9007CFCB4</string>
				<string>42EE60DD1C2A9EE9007CFCB4</string>
				<string>42EE60DE1C2A9EE9007CFCB4</string>
				<string>42EE60D21C2A9E4F007CFCB4</string>
			</array>
			<key>isa</key>
			<string>PBXGroup</string>
			<key>path</key>
			<string>uexPieBundle</string>
			<key>sourceTree</key>
			<string>&lt;group&gt;</string>
		</dict>
		<key>42EE60D21C2A9E4F007CFCB4</key>
		<dict>
			<key>isa</key>
			<string>PBXFileReference</string>
			<key>lastKnownFileType</key>
			<string>text.plist.xml</string>
			<key>path</key>
			<string>Info.plist</string>
			<key>sourceTree</key>
			<string>&lt;group&gt;</string>
		</dict>
		<key>42EE60D31C2A9E4F007CFCB4</key>
		<dict>
			<key>buildSettings</key>
			<dict>
				<key>CLANG_ENABLE_MODULES</key>
				<string>YES</string>
				<key>CLANG_ENABLE_OBJC_ARC</key>
				<string>YES</string>
				<key>CLANG_WARN_BOOL_CONVERSION</key>
				<string>YES</string>
				<key>CLANG_WARN_CONSTANT_CONVERSION</key>
				<string>YES</string>
				<key>CLANG_WARN_DIRECT_OBJC_ISA_USAGE</key>
				<string>YES_ERROR</string>
				<key>CLANG_WARN_ENUM_CONVERSION</key>
				<string>YES</string>
				<key>CLANG_WARN_INT_CONVERSION</key>
				<string>YES</string>
				<key>CLANG_WARN_OBJC_ROOT_CLASS</key>
				<string>YES_ERROR</string>
				<key>CLANG_WARN_UNREACHABLE_CODE</key>
				<string>YES</string>
				<key>CODE_SIGN_IDENTITY</key>
				<string></string>
				<key>COMBINE_HIDPI_IMAGES</key>
				<string>NO</string>
				<key>DEBUG_INFORMATION_FORMAT</key>
				<string>dwarf</string>
				<key>ENABLE_STRICT_OBJC_MSGSEND</key>
				<string>YES</string>
				<key>ENABLE_TESTABILITY</key>
				<string>YES</string>
				<key>GCC_NO_COMMON_BLOCKS</key>
				<string>YES</string>
				<key>GCC_WARN_64_TO_32_BIT_CONVERSION</key>
				<string>YES</string>
				<key>GCC_WARN_ABOUT_RETURN_TYPE</key>
				<string>YES_ERROR</string>
				<key>GCC_WARN_UNDECLARED_SELECTOR</key>
				<string>YES</string>
				<key>GCC_WARN_UNINITIALIZED_AUTOS</key>
				<string>YES_AGGRESSIVE</string>
				<key>GCC_WARN_UNUSED_FUNCTION</key>
				<string>YES</string>
				<key>INFOPLIST_EXPAND_BUILD_SETTINGS</key>
				<string>NO</string>
				<key>INFOPLIST_FILE</key>
				<string></string>
				<key>INSTALL_PATH</key>
				<string>$(LOCAL_LIBRARY_DIR)/Bundles</string>
				<key>MACOSX_DEPLOYMENT_TARGET</key>
				<string>10.11</string>
				<key>MTL_ENABLE_DEBUG_INFO</key>
				<string>YES</string>
				<key>ONLY_ACTIVE_ARCH</key>
				<string>YES</string>
				<key>PRODUCT_BUNDLE_IDENTIFIER</key>
				<string>com.zywx.uexPieBundle</string>
				<key>PRODUCT_NAME</key>
				<string>uexPie</string>
				<key>SDKROOT</key>
				<string>macosx</string>
				<key>SKIP_INSTALL</key>
				<string>YES</string>
				<key>WRAPPER_EXTENSION</key>
				<string>bundle</string>
			</dict>
			<key>isa</key>
			<string>XCBuildConfiguration</string>
			<key>name</key>
			<string>Debug</string>
		</dict>
		<key>42EE60D41C2A9E4F007CFCB4</key>
		<dict>
			<key>buildSettings</key>
			<dict>
				<key>CLANG_ENABLE_MODULES</key>
				<string>YES</string>
				<key>CLANG_ENABLE_OBJC_ARC</key>
				<string>YES</string>
				<key>CLANG_WARN_BOOL_CONVERSION</key>
				<string>YES</string>
				<key>CLANG_WARN_CONSTANT_CONVERSION</key>
				<string>YES</string>
				<key>CLANG_WARN_DIRECT_OBJC_ISA_USAGE</key>
				<string>YES_ERROR</string>
				<key>CLANG_WARN_ENUM_CONVERSION</key>
				<string>YES</string>
				<key>CLANG_WARN_INT_CONVERSION</key>
				<string>YES</string>
				<key>CLANG_WARN_OBJC_ROOT_CLASS</key>
				<string>YES_ERROR</string>
				<key>CLANG_WARN_UNREACHABLE_CODE</key>
				<string>YES</string>
				<key>CODE_SIGN_IDENTITY</key>
				<string></string>
				<key>COMBINE_HIDPI_IMAGES</key>
				<string>NO</string>
				<key>COPY_PHASE_STRIP</key>
				<string>NO</string>
				<key>DEBUG_INFORMATION_FORMAT</key>
				<string>dwarf-with-dsym</string>
				<key>ENABLE_NS_ASSERTIONS</key>
				<string>NO</string>
				<key>ENABLE_STRICT_OBJC_MSGSEND</key>
				<string>YES</string>
				<key>GCC_NO_COMMON_BLOCKS</key>
				<string>YES</string>
				<key>GCC_WARN_64_TO_32_BIT_CONVERSION</key>
				<string>YES</string>
				<key>GCC_WARN_ABOUT_RETURN_TYPE</key>
				<string>YES_ERROR</string>
				<key>GCC_WARN_UNDECLARED_SELECTOR</key>
				<string>YES</string>
				<key>GCC_WARN_UNINITIALIZED_AUTOS</key>
				<string>YES_AGGRESSIVE</string>
				<key>GCC_WARN_UNUSED_FUNCTION</key>
				<string>YES</string>
				<key>INFOPLIST_EXPAND_BUILD_SETTINGS</key>
				<string>NO</string>
				<key>INFOPLIST_FILE</key>
				<string></string>
				<key>INSTALL_PATH</key>
				<string>$(LOCAL_LIBRARY_DIR)/Bundles</string>
				<key>MACOSX_DEPLOYMENT_TARGET</key>
				<string>10.11</string>
				<key>MTL_ENABLE_DEBUG_INFO</key>
				<string>NO</string>
				<key>PRODUCT_BUNDLE_IDENTIFIER</key>
				<string>com.zywx.uexPieBundle</string>
				<key>PRODUCT_NAME</key>
				<string>uexPie</string>
				<key>SDKROOT</key>
				<string>macosx</string>
				<key>SKIP_INSTALL</key>
				<string>YES</string>
				<key>WRAPPER_EXTENSION</key>
				<string>bundle</string>
			</dict>
			<key>isa</key>
			<string>XCBuildConfiguration</string>
			<key>name</key>
			<string>Release</string>
		</dict>
		<key>42EE60D51C2A9E4F007CFCB4</key>
		<dict>
			<key>buildConfigurations</key>
			<array>
				<string>42EE60D31C2A9E4F007CFCB4</string>
				<string>42EE60D41C2A9E4F007CFCB4</string>
			</array>
			<key>defaultConfigurationIsVisible</key>
			<string>0</string>
			<key>isa</key>
			<string>XCConfigurationList</string>
		</dict>
		<key>42EE60D61C2A9EE9007CFCB4</key>
		<dict>
			<key>isa</key>
			<string>PBXFileReference</string>
			<key>lastKnownFileType</key>
			<string>image.png</string>
			<key>path</key>
			<string>bg.png</string>
			<key>sourceTree</key>
			<string>&lt;group&gt;</string>
		</dict>
		<key>42EE60D71C2A9EE9007CFCB4</key>
		<dict>
			<key>isa</key>
			<string>PBXFileReference</string>
			<key>lastKnownFileType</key>
			<string>image.png</string>
			<key>path</key>
			<string>bg1.png</string>
			<key>sourceTree</key>
			<string>&lt;group&gt;</string>
		</dict>
		<key>42EE60D81C2A9EE9007CFCB4</key>
		<dict>
			<key>isa</key>
			<string>PBXFileReference</string>
			<key>lastKnownFileType</key>
			<string>image.png</string>
			<key>path</key>
			<string>bg2.png</string>
			<key>sourceTree</key>
			<string>&lt;group&gt;</string>
		</dict>
		<key>42EE60D91C2A9EE9007CFCB4</key>
		<dict>
			<key>isa</key>
			<string>PBXFileReference</string>
			<key>lastKnownFileType</key>
			<string>image.png</string>
			<key>path</key>
			<string>bingtu-Mask.png</string>
			<key>sourceTree</key>
			<string>&lt;group&gt;</string>
		</dict>
		<key>42EE60DA1C2A9EE9007CFCB4</key>
		<dict>
			<key>isa</key>
			<string>PBXFileReference</string>
			<key>lastKnownFileType</key>
			<string>image.png</string>
			<key>path</key>
			<string>label-Mask.png</string>
			<key>sourceTree</key>
			<string>&lt;group&gt;</string>
		</dict>
		<key>42EE60DB1C2A9EE9007CFCB4</key>
		<dict>
			<key>isa</key>
			<string>PBXFileReference</string>
			<key>lastKnownFileType</key>
			<string>image.png</string>
			<key>path</key>
			<string>label-Mask01.png</string>
			<key>sourceTree</key>
			<string>&lt;group&gt;</string>
		</dict>
		<key>42EE60DC1C2A9EE9007CFCB4</key>
		<dict>
			<key>isa</key>
			<string>PBXFileReference</string>
			<key>lastKnownFileType</key>
			<string>image.png</string>
			<key>path</key>
			<string>label-Mask01R.png</string>
			<key>sourceTree</key>
			<string>&lt;group&gt;</string>
		</dict>
		<key>42EE60DD1C2A9EE9007CFCB4</key>
		<dict>
			<key>isa</key>
			<string>PBXFileReference</string>
			<key>lastKnownFileType</key>
			<string>image.png</string>
			<key>path</key>
			<string>label-Mask02.png</string>
			<key>sourceTree</key>
			<string>&lt;group&gt;</string>
		</dict>
		<key>42EE60DE1C2A9EE9007CFCB4</key>
		<dict>
			<key>isa</key>
			<string>PBXFileReference</string>
			<key>lastKnownFileType</key>
			<string>image.png</string>
			<key>path</key>
			<string>label-Mask02R.png</string>
			<key>sourceTree</key>
			<string>&lt;group&gt;</string>
		</dict>
		<key>42EE60DF1C2A9EE9007CFCB4</key>
		<dict>
			<key>fileRef</key>
			<string>42EE60D61C2A9EE9007CFCB4</string>
			<key>isa</key>
			<string>PBXBuildFile</string>
		</dict>
		<key>42EE60E01C2A9EE9007CFCB4</key>
		<dict>
			<key>fileRef</key>
			<string>42EE60D71C2A9EE9007CFCB4</string>
			<key>isa</key>
			<string>PBXBuildFile</string>
		</dict>
		<key>42EE60E11C2A9EE9007CFCB4</key>
		<dict>
			<key>fileRef</key>
			<string>42EE60D81C2A9EE9007CFCB4</string>
			<key>isa</key>
			<string>PBXBuildFile</string>
		</dict>
		<key>42EE60E21C2A9EE9007CFCB4</key>
		<dict>
			<key>fileRef</key>
			<string>42EE60D91C2A9EE9007CFCB4</string>
			<key>isa</key>
			<string>PBXBuildFile</string>
		</dict>
		<key>42EE60E31C2A9EE9007CFCB4</key>
		<dict>
			<key>fileRef</key>
			<string>42EE60DA1C2A9EE9007CFCB4</string>
			<key>isa</key>
			<string>PBXBuildFile</string>
		</dict>
		<key>42EE60E41C2A9EE9007CFCB4</key>
		<dict>
			<key>fileRef</key>
			<string>42EE60DB1C2A9EE9007CFCB4</string>
			<key>isa</key>
			<string>PBXBuildFile</string>
		</dict>
		<key>42EE60E51C2A9EE9007CFCB4</key>
		<dict>
			<key>fileRef</key>
			<string>42EE60DC1C2A9EE9007CFCB4</string>
			<key>isa</key>
			<string>PBXBuildFile</string>
		</dict>
		<key>42EE60E61C2A9EE9007CFCB4</key>
		<dict>
			<key>fileRef</key>
			<string>42EE60DD1C2A9EE9007CFCB4</string>
			<key>isa</key>
			<string>PBXBuildFile</string>
		</dict>
		<key>42EE60E71C2A9EE9007CFCB4</key>
		<dict>
			<key>fileRef</key>
			<string>42EE60DE1C2A9EE9007CFCB4</string>
			<key>isa</key>
			<string>PBXBuildFile</string>
		</dict>
		<key>4AEF4337F9AF9525628790DC</key>
		<dict>
			<key>fileRef</key>
			<string>37B73AC8ADA9F5BF2F8401C1</string>
			<key>isa</key>
			<string>PBXBuildFile</string>
		</dict>
		<key>4EFE8573075CD0C6528B6FFB</key>
		<dict>
			<key>fileEncoding</key>
			<string>4</string>
			<key>isa</key>
			<string>PBXFileReference</string>
			<key>lastKnownFileType</key>
			<string>text.plist.strings</string>
			<key>name</key>
			<string>info.plist</string>
			<key>path</key>
			<string>../../../AppCanPluginTools-iOS/resource/IDEPluginProjectPackageResource/info.plist</string>
			<key>sourceTree</key>
			<string>&lt;group&gt;</string>
		</dict>
		<key>572C000EF27DDCD8020E8EDF</key>
		<dict>
			<key>children</key>
			<array>
				<string>70A335463CAA10913EFC64BA</string>
				<string>7F2CC8274A42CE65C0661C47</string>
				<string>CE6807B4C601DDB55BA6FD7B</string>
				<string>A0327BEE10E8A1D3F379ECE6</string>
				<string>37B73AC8ADA9F5BF2F8401C1</string>
				<string>02349D2B91C67FC8DF41467B</string>
				<string>71F19F39B21F8E8701545253</string>
				<string>B35517BC075C63C2AF07F207</string>
				<string>0833E1176D0CDF29B216DF01</string>
				<string>DFB1A1F2CC62755017989FB4</string>
				<string>FA6E66339A924B1DD2C23490</string>
				<string>3F56819FE3B729FE3C84C422</string>
				<string>EC245BE2756A3A22385F457A</string>
			</array>
			<key>isa</key>
			<string>PBXGroup</string>
			<key>path</key>
			<string>IDE-Frameworks</string>
			<key>sourceTree</key>
			<string>&lt;group&gt;</string>
		</dict>
		<key>5A4DE76E16DC6527005C97D4</key>
		<dict>
			<key>children</key>
			<array>
				<string>5A4DE77E16DC6528005C97D4</string>
				<string>42EE60D11C2A9E4F007CFCB4</string>
				<string>5A4DE77B16DC6528005C97D4</string>
				<string>5A4DE77A16DC6528005C97D4</string>
				<string>572C000EF27DDCD8020E8EDF</string>
				<string>2E754BFF252B451ECBB9B02B</string>
				<string>6DDA4ADC92A8686772390251</string>
			</array>
			<key>isa</key>
			<string>PBXGroup</string>
			<key>sourceTree</key>
			<string>&lt;group&gt;</string>
		</dict>
		<key>5A4DE77016DC6527005C97D4</key>
		<dict>
			<key>attributes</key>
			<dict>
				<key>LastUpgradeCheck</key>
				<string>0450</string>
				<key>ORGANIZATIONNAME</key>
				<string>xll</string>
				<key>TargetAttributes</key>
				<dict>
					<key>42EE60CF1C2A9E4F007CFCB4</key>
					<dict>
						<key>CreatedOnToolsVersion</key>
						<string>7.2</string>
					</dict>
				</dict>
			</dict>
			<key>buildConfigurationList</key>
			<string>5A4DE77316DC6528005C97D4</string>
			<key>compatibilityVersion</key>
			<string>Xcode 3.2</string>
			<key>developmentRegion</key>
			<string>English</string>
			<key>hasScannedForEncodings</key>
			<string>0</string>
			<key>isa</key>
			<string>PBXProject</string>
			<key>knownRegions</key>
			<array>
				<string>en</string>
			</array>
			<key>mainGroup</key>
			<string>5A4DE76E16DC6527005C97D4</string>
			<key>productRefGroup</key>
			<string>5A4DE77A16DC6528005C97D4</string>
			<key>projectDirPath</key>
			<string></string>
			<key>projectRoot</key>
			<string></string>
			<key>targets</key>
			<array>
				<string>5A4DE77816DC6528005C97D4</string>
				<string>42EE60CF1C2A9E4F007CFCB4</string>
			</array>
		</dict>
		<key>5A4DE77316DC6528005C97D4</key>
		<dict>
			<key>buildConfigurations</key>
			<array>
				<string>5A4DE78516DC6528005C97D4</string>
				<string>5A4DE78616DC6528005C97D4</string>
			</array>
			<key>defaultConfigurationIsVisible</key>
			<string>0</string>
			<key>defaultConfigurationName</key>
			<string>Release</string>
			<key>isa</key>
			<string>XCConfigurationList</string>
		</dict>
		<key>5A4DE77516DC6528005C97D4</key>
		<dict>
			<key>buildActionMask</key>
			<string>2147483647</string>
			<key>files</key>
			<array>
				<string>5AA1F858188E440700EA534C</string>
				<string>5AA1F857188E440700EA534C</string>
			</array>
			<key>isa</key>
			<string>PBXSourcesBuildPhase</string>
			<key>runOnlyForDeploymentPostprocessing</key>
			<string>0</string>
		</dict>
		<key>5A4DE77616DC6528005C97D4</key>
		<dict>
			<key>buildActionMask</key>
			<string>2147483647</string>
			<key>files</key>
			<array>
				<string>5A503DFD16E0991C00A7FEC4</string>
				<string>5A4DE77D16DC6528005C97D4</string>
				<string>C601DBF6E956B70D512AD17C</string>
				<string>DC8A68F7C5AD8AF60DD8A9C5</string>
				<string>772EE66F96236C13F7B9BE51</string>
				<string>0B637B72487710E20C283EDA</string>
				<string>4AEF4337F9AF9525628790DC</string>
				<string>B56CACA583835458ADCCD552</string>
				<string>79DCC858CEB4999585B20EC6</string>
				<string>A443C4D1E0641C5050F7DCE7</string>
				<string>07999F4C104D6D8804142DD6</string>
				<string>D3686D44564321A5B4879F30</string>
				<string>A28372F8D492A36A2C949317</string>
				<string>7FD47096BB916872851415EC</string>
				<string>CC0C4C7B4C3DCCE141C5062F</string>
				<string>8B9552F84B7090EB6F74B57A</string>
			</array>
			<key>isa</key>
			<string>PBXFrameworksBuildPhase</string>
			<key>runOnlyForDeploymentPostprocessing</key>
			<string>0</string>
		</dict>
		<key>5A4DE77716DC6528005C97D4</key>
		<dict>
			<key>buildActionMask</key>
			<string>2147483647</string>
			<key>dstPath</key>
			<string>include/${PRODUCT_NAME}</string>
			<key>dstSubfolderSpec</key>
			<string>16</string>
			<key>files</key>
			<array/>
			<key>isa</key>
			<string>PBXCopyFilesBuildPhase</string>
			<key>runOnlyForDeploymentPostprocessing</key>
			<string>0</string>
		</dict>
		<key>5A4DE77816DC6528005C97D4</key>
		<dict>
			<key>buildConfigurationList</key>
			<string>5A4DE78716DC6528005C97D4</string>
			<key>buildPhases</key>
			<array>
				<string>5A4DE77516DC6528005C97D4</string>
				<string>5A4DE77616DC6528005C97D4</string>
				<string>5A4DE77716DC6528005C97D4</string>
				<string>641E759EE72EEBE385A0913C</string>
			</array>
			<key>buildRules</key>
			<array/>
			<key>dependencies</key>
			<array/>
			<key>isa</key>
			<string>PBXNativeTarget</string>
			<key>name</key>
			<string>EUExPie</string>
			<key>productName</key>
			<string>EUExPie</string>
			<key>productReference</key>
			<string>5A4DE77916DC6528005C97D4</string>
			<key>productType</key>
			<string>com.apple.product-type.framework</string>
		</dict>
		<key>5A4DE77916DC6528005C97D4</key>
		<dict>
			<key>explicitFileType</key>
			<string>archive.ar</string>
			<key>includeInIndex</key>
			<string>0</string>
			<key>isa</key>
			<string>PBXFileReference</string>
			<key>name</key>
			<string>uexPie.framework</string>
			<key>path</key>
			<string>uexPie.framework</string>
			<key>sourceTree</key>
			<string>BUILT_PRODUCTS_DIR</string>
		</dict>
		<key>5A4DE77A16DC6528005C97D4</key>
		<dict>
			<key>children</key>
			<array>
				<string>5A4DE77916DC6528005C97D4</string>
				<string>42EE60D01C2A9E4F007CFCB4</string>
			</array>
			<key>isa</key>
			<string>PBXGroup</string>
			<key>name</key>
			<string>Products</string>
			<key>sourceTree</key>
			<string>&lt;group&gt;</string>
		</dict>
		<key>5A4DE77B16DC6528005C97D4</key>
		<dict>
			<key>children</key>
			<array>
				<string>5A503DFC16E0991C00A7FEC4</string>
				<string>5A4DE77C16DC6528005C97D4</string>
			</array>
			<key>isa</key>
			<string>PBXGroup</string>
			<key>name</key>
			<string>Frameworks</string>
			<key>sourceTree</key>
			<string>&lt;group&gt;</string>
		</dict>
		<key>5A4DE77C16DC6528005C97D4</key>
		<dict>
			<key>isa</key>
			<string>PBXFileReference</string>
			<key>lastKnownFileType</key>
			<string>wrapper.framework</string>
			<key>name</key>
			<string>Foundation.framework</string>
			<key>path</key>
			<string>System/Library/Frameworks/Foundation.framework</string>
			<key>sourceTree</key>
			<string>SDKROOT</string>
		</dict>
		<key>5A4DE77D16DC6528005C97D4</key>
		<dict>
			<key>fileRef</key>
			<string>5A4DE77C16DC6528005C97D4</string>
			<key>isa</key>
			<string>PBXBuildFile</string>
		</dict>
		<key>5A4DE77E16DC6528005C97D4</key>
		<dict>
			<key>children</key>
			<array>
				<string>5AA1F846188E440700EA534C</string>
				<string>5AA1F84A188E440700EA534C</string>
				<string>5AA1F84B188E440700EA534C</string>
				<string>5AA1F84C188E440700EA534C</string>
				<string>5A4DE77F16DC6528005C97D4</string>
			</array>
			<key>isa</key>
			<string>PBXGroup</string>
			<key>path</key>
			<string>EUExPie</string>
			<key>sourceTree</key>
			<string>&lt;group&gt;</string>
		</dict>
		<key>5A4DE77F16DC6528005C97D4</key>
		<dict>
			<key>children</key>
			<array>
				<string>5A4DE78016DC6528005C97D4</string>
			</array>
			<key>isa</key>
			<string>PBXGroup</string>
			<key>name</key>
			<string>Supporting Files</string>
			<key>sourceTree</key>
			<string>&lt;group&gt;</string>
		</dict>
		<key>5A4DE78016DC6528005C97D4</key>
		<dict>
			<key>isa</key>
			<string>PBXFileReference</string>
			<key>lastKnownFileType</key>
			<string>sourcecode.c.h</string>
			<key>path</key>
			<string>EUExPie-Prefix.pch</string>
			<key>sourceTree</key>
			<string>&lt;group&gt;</string>
		</dict>
		<key>5A4DE78516DC6528005C97D4</key>
		<dict>
			<key>buildSettings</key>
			<dict>
				<key>ALWAYS_SEARCH_USER_PATHS</key>
				<string>NO</string>
				<key>CLANG_CXX_LANGUAGE_STANDARD</key>
				<string>gnu++0x</string>
				<key>CLANG_CXX_LIBRARY</key>
				<string>libc++</string>
				<key>CLANG_WARN_EMPTY_BODY</key>
				<string>YES</string>
				<key>CLANG_WARN__DUPLICATE_METHOD_MATCH</key>
				<string>YES</string>
				<key>CONFIGURATION_BUILD_DIR</key>
				<string>$(SRCROOT)/uexPie/</string>
				<key>COPY_PHASE_STRIP</key>
				<string>NO</string>
				<key>DEBUG_INFORMATION_FORMAT</key>
				<string>dwarf</string>
				<key>GCC_C_LANGUAGE_STANDARD</key>
				<string>gnu99</string>
				<key>GCC_DYNAMIC_NO_PIC</key>
				<string>NO</string>
				<key>GCC_OPTIMIZATION_LEVEL</key>
				<string>0</string>
				<key>GCC_PREPROCESSOR_DEFINITIONS</key>
				<array>
					<string>DEBUG=1</string>
					<string>$(inherited)</string>
				</array>
				<key>GCC_SYMBOLS_PRIVATE_EXTERN</key>
				<string>NO</string>
				<key>GCC_WARN_ABOUT_RETURN_TYPE</key>
				<string>YES</string>
				<key>GCC_WARN_UNINITIALIZED_AUTOS</key>
				<string>YES</string>
				<key>GCC_WARN_UNUSED_VARIABLE</key>
				<string>YES</string>
				<key>IPHONEOS_DEPLOYMENT_TARGET</key>
				<string>8.0</string>
				<key>ONLY_ACTIVE_ARCH</key>
				<string>NO</string>
				<key>SDKROOT</key>
				<string>iphoneos</string>
				<key>TARGETED_DEVICE_FAMILY</key>
				<string>1,2</string>
			</dict>
			<key>isa</key>
			<string>XCBuildConfiguration</string>
			<key>name</key>
			<string>Debug</string>
		</dict>
		<key>5A4DE78616DC6528005C97D4</key>
		<dict>
			<key>buildSettings</key>
			<dict>
				<key>ALWAYS_SEARCH_USER_PATHS</key>
				<string>NO</string>
				<key>CLANG_CXX_LANGUAGE_STANDARD</key>
				<string>gnu++0x</string>
				<key>CLANG_CXX_LIBRARY</key>
				<string>libc++</string>
				<key>CLANG_WARN_EMPTY_BODY</key>
				<string>YES</string>
				<key>CLANG_WARN__DUPLICATE_METHOD_MATCH</key>
				<string>YES</string>
				<key>CONFIGURATION_BUILD_DIR</key>
				<string>$(SRCROOT)/uexPie/</string>
				<key>COPY_PHASE_STRIP</key>
				<string>YES</string>
				<key>DEBUG_INFORMATION_FORMAT</key>
				<string>dwarf</string>
				<key>GCC_C_LANGUAGE_STANDARD</key>
				<string>gnu99</string>
				<key>GCC_WARN_ABOUT_RETURN_TYPE</key>
				<string>YES</string>
				<key>GCC_WARN_UNINITIALIZED_AUTOS</key>
				<string>YES</string>
				<key>GCC_WARN_UNUSED_VARIABLE</key>
				<string>YES</string>
				<key>IPHONEOS_DEPLOYMENT_TARGET</key>
				<string>8.0</string>
				<key>SDKROOT</key>
				<string>iphoneos</string>
				<key>TARGETED_DEVICE_FAMILY</key>
				<string>1,2</string>
				<key>VALIDATE_PRODUCT</key>
				<string>YES</string>
			</dict>
			<key>isa</key>
			<string>XCBuildConfiguration</string>
			<key>name</key>
			<string>Release</string>
		</dict>
		<key>5A4DE78716DC6528005C97D4</key>
		<dict>
			<key>buildConfigurations</key>
			<array>
				<string>5A4DE78816DC6528005C97D4</string>
				<string>5A4DE78916DC6528005C97D4</string>
			</array>
			<key>defaultConfigurationIsVisible</key>
			<string>0</string>
			<key>defaultConfigurationName</key>
			<string>Release</string>
			<key>isa</key>
			<string>XCConfigurationList</string>
		</dict>
		<key>5A4DE78816DC6528005C97D4</key>
		<dict>
			<key>buildSettings</key>
			<dict>
				<key>BUNDLE_IDENTIFIER</key>
				<string>com.appcan.ide</string>
				<key>CODE_SIGN_IDENTITY</key>
				<string>iPhone Distribution: Hangzhou Sea King Biological Technology Co., Ltd.</string>
				<key>CONFIGURATION_BUILD_DIR</key>
				<string>$(SRCROOT)/uexPie/IDE/</string>
				<key>DEBUG_INFORMATION_FORMAT</key>
				<string>dwarf</string>
				<key>DEFINES_MODULE</key>
				<string>YES</string>
				<key>DSTROOT</key>
				<string>/tmp/EUExPie.dst</string>
				<key>DYLIB_COMPATIBILITY_VERSION</key>
				<string>1</string>
				<key>DYLIB_CURRENT_VERSION</key>
				<string>1</string>
				<key>DYLIB_INSTALL_NAME_BASE</key>
				<string>@rpath</string>
				<key>ENABLE_BITCODE</key>
				<string>NO</string>
				<key>FRAMEWORK_SEARCH_PATHS</key>
				<array>
					<string>$(PROJECT_DIR)</string>
					<string>$(SRCROOT)/../../AppCanPluginTools-iOS/resource/IDEPluginProjectPackageResource</string>
				</array>
				<key>GCC_PRECOMPILE_PREFIX_HEADER</key>
				<string>YES</string>
				<key>GCC_PREFIX_HEADER</key>
				<string>EUExPie/EUExPie-Prefix.pch</string>
				<key>HEADER_SEARCH_PATHS</key>
				<array>
					<string>$(SRCROOT)/../../AppCanPluginTools-iOS/resource/IDEPluginProjectPackageResource</string>
				</array>
				<key>INFOPLIST_FILE</key>
				<string>$(SRCROOT)/../../AppCanPluginTools-iOS/resource/IDEPluginProjectPackageResource/info.plist</string>
				<key>INSTALL_PATH</key>
				<string>$(LOCAL_LIBRARY_DIR)/Frameworks</string>
				<key>IPHONEOS_DEPLOYMENT_TARGET</key>
				<string>8.0</string>
				<key>LD_RUNPATH_SEARCH_PATHS</key>
				<array>
					<string>$(inherited)</string>
					<string>@executable_path/Frameworks</string>
					<string>@executable_path</string>
					<string>@loader_path/Frameworks</string>
					<string>@loader_path</string>
				</array>
				<key>LIBRARY_SEARCH_PATHS</key>
				<array>
					<string>$(inherited)</string>
					<string>$(SRCROOT)/../../AppCanPluginTools-iOS/resource/IDEPluginProjectPackageResource</string>
				</array>
				<key>ONLY_ACTIVE_ARCH</key>
				<string>NO</string>
				<key>OTHER_LDFLAGS</key>
				<string>-ObjC</string>
				<key>PRODUCT_NAME</key>
				<string>uexPie</string>
				<key>PROVISIONING_PROFILE</key>
				<string>756a3ff2-be53-4d08-862a-c050d0dfa3d9</string>
				<key>SKIP_INSTALL</key>
				<string>YES</string>
			</dict>
			<key>isa</key>
			<string>XCBuildConfiguration</string>
			<key>name</key>
			<string>Debug</string>
		</dict>
		<key>5A4DE78916DC6528005C97D4</key>
		<dict>
			<key>buildSettings</key>
			<dict>
				<key>BUNDLE_IDENTIFIER</key>
				<string>com.appcan.ide</string>
				<key>CODE_SIGN_IDENTITY</key>
				<string>iPhone Distribution: Hangzhou Sea King Biological Technology Co., Ltd.</string>
				<key>CONFIGURATION_BUILD_DIR</key>
				<string>$(SRCROOT)/uexPie/IDE/</string>
				<key>DEBUG_INFORMATION_FORMAT</key>
				<string>dwarf</string>
				<key>DEFINES_MODULE</key>
				<string>YES</string>
				<key>DSTROOT</key>
				<string>/tmp/EUExPie.dst</string>
				<key>DYLIB_COMPATIBILITY_VERSION</key>
				<string>1</string>
				<key>DYLIB_CURRENT_VERSION</key>
				<string>1</string>
				<key>DYLIB_INSTALL_NAME_BASE</key>
				<string>@rpath</string>
				<key>ENABLE_BITCODE</key>
				<string>NO</string>
				<key>FRAMEWORK_SEARCH_PATHS</key>
				<array>
					<string>$(PROJECT_DIR)</string>
					<string>$(SRCROOT)/../../AppCanPluginTools-iOS/resource/IDEPluginProjectPackageResource</string>
				</array>
				<key>GCC_PRECOMPILE_PREFIX_HEADER</key>
				<string>YES</string>
				<key>GCC_PREFIX_HEADER</key>
				<string>EUExPie/EUExPie-Prefix.pch</string>
				<key>HEADER_SEARCH_PATHS</key>
				<array>
					<string>$(SRCROOT)/../../AppCanPluginTools-iOS/resource/IDEPluginProjectPackageResource</string>
				</array>
				<key>INFOPLIST_FILE</key>
				<string>$(SRCROOT)/../../AppCanPluginTools-iOS/resource/IDEPluginProjectPackageResource/info.plist</string>
				<key>INSTALL_PATH</key>
				<string>$(LOCAL_LIBRARY_DIR)/Frameworks</string>
				<key>IPHONEOS_DEPLOYMENT_TARGET</key>
				<string>8.0</string>
				<key>LD_RUNPATH_SEARCH_PATHS</key>
				<array>
					<string>$(inherited)</string>
					<string>@executable_path/Frameworks</string>
					<string>@executable_path</string>
					<string>@loader_path/Frameworks</string>
					<string>@loader_path</string>
				</array>
				<key>LIBRARY_SEARCH_PATHS</key>
				<array>
					<string>$(inherited)</string>
					<string>$(SRCROOT)/../../AppCanPluginTools-iOS/resource/IDEPluginProjectPackageResource</string>
				</array>
				<key>OTHER_LDFLAGS</key>
				<string>-ObjC</string>
				<key>PRODUCT_NAME</key>
				<string>uexPie</string>
				<key>PROVISIONING_PROFILE</key>
				<string>756a3ff2-be53-4d08-862a-c050d0dfa3d9</string>
				<key>SKIP_INSTALL</key>
				<string>YES</string>
			</dict>
			<key>isa</key>
			<string>XCBuildConfiguration</string>
			<key>name</key>
			<string>Release</string>
		</dict>
		<key>5A503DFC16E0991C00A7FEC4</key>
		<dict>
			<key>isa</key>
			<string>PBXFileReference</string>
			<key>lastKnownFileType</key>
			<string>wrapper.framework</string>
			<key>name</key>
			<string>QuartzCore.framework</string>
			<key>path</key>
			<string>System/Library/Frameworks/QuartzCore.framework</string>
			<key>sourceTree</key>
			<string>SDKROOT</string>
		</dict>
		<key>5A503DFD16E0991C00A7FEC4</key>
		<dict>
			<key>fileRef</key>
			<string>5A503DFC16E0991C00A7FEC4</string>
			<key>isa</key>
			<string>PBXBuildFile</string>
		</dict>
		<key>5AA1F846188E440700EA534C</key>
		<dict>
			<key>children</key>
			<array>
				<string>5AA1F847188E440700EA534C</string>
				<string>5AA1F848188E440700EA534C</string>
				<string>5AA1F849188E440700EA534C</string>
			</array>
			<key>isa</key>
			<string>PBXGroup</string>
			<key>path</key>
			<string>engineHeader</string>
			<key>sourceTree</key>
			<string>&lt;group&gt;</string>
		</dict>
		<key>5AA1F847188E440700EA534C</key>
		<dict>
			<key>fileEncoding</key>
			<string>4</string>
			<key>isa</key>
			<string>PBXFileReference</string>
			<key>lastKnownFileType</key>
			<string>sourcecode.c.h</string>
			<key>path</key>
			<string>EUExBase.h</string>
			<key>sourceTree</key>
			<string>&lt;group&gt;</string>
		</dict>
		<key>5AA1F848188E440700EA534C</key>
		<dict>
			<key>fileEncoding</key>
			<string>4</string>
			<key>isa</key>
			<string>PBXFileReference</string>
			<key>lastKnownFileType</key>
			<string>sourcecode.c.h</string>
			<key>path</key>
			<string>EUExBaseDefine.h</string>
			<key>sourceTree</key>
			<string>&lt;group&gt;</string>
		</dict>
		<key>5AA1F849188E440700EA534C</key>
		<dict>
			<key>fileEncoding</key>
			<string>4</string>
			<key>isa</key>
			<string>PBXFileReference</string>
			<key>lastKnownFileType</key>
			<string>sourcecode.c.h</string>
			<key>path</key>
			<string>EUtility.h</string>
			<key>sourceTree</key>
			<string>&lt;group&gt;</string>
		</dict>
		<key>5AA1F84A188E440700EA534C</key>
		<dict>
			<key>fileEncoding</key>
			<string>4</string>
			<key>isa</key>
			<string>PBXFileReference</string>
			<key>lastKnownFileType</key>
			<string>sourcecode.c.h</string>
			<key>path</key>
			<string>EUExPie.h</string>
			<key>sourceTree</key>
			<string>&lt;group&gt;</string>
		</dict>
		<key>5AA1F84B188E440700EA534C</key>
		<dict>
			<key>fileEncoding</key>
			<string>4</string>
			<key>isa</key>
			<string>PBXFileReference</string>
			<key>lastKnownFileType</key>
			<string>sourcecode.c.objc</string>
			<key>path</key>
			<string>EUExPie.m</string>
			<key>sourceTree</key>
			<string>&lt;group&gt;</string>
		</dict>
		<key>5AA1F84C188E440700EA534C</key>
		<dict>
			<key>children</key>
			<array>
				<string>5AA1F84D188E440700EA534C</string>
				<string>5AA1F855188E440700EA534C</string>
				<string>5AA1F856188E440700EA534C</string>
			</array>
			<key>isa</key>
			<string>PBXGroup</string>
			<key>path</key>
			<string>sourceCode</string>
			<key>sourceTree</key>
			<string>&lt;group&gt;</string>
		</dict>
		<key>5AA1F84D188E440700EA534C</key>
		<dict>
			<key>children</key>
			<array>
				<string>5AA1F84E188E440700EA534C</string>
				<string>5AA1F84F188E440700EA534C</string>
				<string>5AA1F850188E440700EA534C</string>
				<string>5AA1F851188E440700EA534C</string>
				<string>5AA1F852188E440700EA534C</string>
				<string>5AA1F853188E440700EA534C</string>
				<string>5AA1F854188E440700EA534C</string>
			</array>
			<key>isa</key>
			<string>PBXGroup</string>
			<key>path</key>
			<string>JSON</string>
			<key>sourceTree</key>
			<string>&lt;group&gt;</string>
		</dict>
		<key>5AA1F84E188E440700EA534C</key>
		<dict>
			<key>fileEncoding</key>
			<string>4</string>
			<key>isa</key>
			<string>PBXFileReference</string>
			<key>lastKnownFileType</key>
			<string>sourcecode.c.h</string>
			<key>path</key>
			<string>JSON.h</string>
			<key>sourceTree</key>
			<string>&lt;group&gt;</string>
		</dict>
		<key>5AA1F84F188E440700EA534C</key>
		<dict>
			<key>fileEncoding</key>
			<string>4</string>
			<key>isa</key>
			<string>PBXFileReference</string>
			<key>lastKnownFileType</key>
			<string>sourcecode.c.h</string>
			<key>path</key>
			<string>NSObject+SBJSON.h</string>
			<key>sourceTree</key>
			<string>&lt;group&gt;</string>
		</dict>
		<key>5AA1F850188E440700EA534C</key>
		<dict>
			<key>fileEncoding</key>
			<string>4</string>
			<key>isa</key>
			<string>PBXFileReference</string>
			<key>lastKnownFileType</key>
			<string>sourcecode.c.h</string>
			<key>path</key>
			<string>NSString+SBJSON.h</string>
			<key>sourceTree</key>
			<string>&lt;group&gt;</string>
		</dict>
		<key>5AA1F851188E440700EA534C</key>
		<dict>
			<key>fileEncoding</key>
			<string>4</string>
			<key>isa</key>
			<string>PBXFileReference</string>
			<key>lastKnownFileType</key>
			<string>sourcecode.c.h</string>
			<key>path</key>
			<string>SBJSON.h</string>
			<key>sourceTree</key>
			<string>&lt;group&gt;</string>
		</dict>
		<key>5AA1F852188E440700EA534C</key>
		<dict>
			<key>fileEncoding</key>
			<string>4</string>
			<key>isa</key>
			<string>PBXFileReference</string>
			<key>lastKnownFileType</key>
			<string>sourcecode.c.h</string>
			<key>path</key>
			<string>SBJsonBase.h</string>
			<key>sourceTree</key>
			<string>&lt;group&gt;</string>
		</dict>
		<key>5AA1F853188E440700EA534C</key>
		<dict>
			<key>fileEncoding</key>
			<string>4</string>
			<key>isa</key>
			<string>PBXFileReference</string>
			<key>lastKnownFileType</key>
			<string>sourcecode.c.h</string>
			<key>path</key>
			<string>SBJsonParser.h</string>
			<key>sourceTree</key>
			<string>&lt;group&gt;</string>
		</dict>
		<key>5AA1F854188E440700EA534C</key>
		<dict>
			<key>fileEncoding</key>
			<string>4</string>
			<key>isa</key>
			<string>PBXFileReference</string>
			<key>lastKnownFileType</key>
			<string>sourcecode.c.h</string>
			<key>path</key>
			<string>SBJsonWriter.h</string>
			<key>sourceTree</key>
			<string>&lt;group&gt;</string>
		</dict>
		<key>5AA1F855188E440700EA534C</key>
		<dict>
			<key>fileEncoding</key>
			<string>4</string>
			<key>isa</key>
			<string>PBXFileReference</string>
			<key>lastKnownFileType</key>
			<string>sourcecode.c.h</string>
			<key>path</key>
			<string>PCPieChart.h</string>
			<key>sourceTree</key>
			<string>&lt;group&gt;</string>
		</dict>
		<key>5AA1F856188E440700EA534C</key>
		<dict>
			<key>fileEncoding</key>
			<string>4</string>
			<key>isa</key>
			<string>PBXFileReference</string>
			<key>lastKnownFileType</key>
			<string>sourcecode.c.objc</string>
			<key>path</key>
			<string>PCPieChart.m</string>
			<key>sourceTree</key>
			<string>&lt;group&gt;</string>
		</dict>
		<key>5AA1F857188E440700EA534C</key>
		<dict>
			<key>fileRef</key>
			<string>5AA1F84B188E440700EA534C</string>
			<key>isa</key>
			<string>PBXBuildFile</string>
		</dict>
		<key>5AA1F858188E440700EA534C</key>
		<dict>
			<key>fileRef</key>
			<string>5AA1F856188E440700EA534C</string>
			<key>isa</key>
			<string>PBXBuildFile</string>
		</dict>
		<key>641E759EE72EEBE385A0913C</key>
		<dict>
			<key>buildActionMask</key>
			<string>2147483647</string>
			<key>files</key>
			<array>
				<string>03B17064BA7C7F2E3E3B6037</string>
			</array>
			<key>isa</key>
			<string>PBXResourcesBuildPhase</string>
			<key>runOnlyForDeploymentPostprocessing</key>
			<string>0</string>
		</dict>
		<key>6DDA4ADC92A8686772390251</key>
		<dict>
			<key>fileEncoding</key>
			<string>4</string>
			<key>isa</key>
			<string>PBXFileReference</string>
			<key>lastKnownFileType</key>
			<string>wrapper.cfbundle</string>
			<key>name</key>
			<string>uexPie.bundle</string>
			<key>path</key>
			<string>uexPie/uexPie.bundle</string>
			<key>sourceTree</key>
			<string>&lt;group&gt;</string>
		</dict>
		<key>70A335463CAA10913EFC64BA</key>
		<dict>
			<key>fileEncoding</key>
			<string>4</string>
			<key>isa</key>
			<string>PBXFileReference</string>
			<key>lastKnownFileType</key>
			<string>wrapper.framework</string>
			<key>name</key>
			<string>MapKit.framework</string>
			<key>path</key>
			<string>System/Library/Frameworks/MapKit.framework</string>
			<key>sourceTree</key>
			<string>SDKROOT</string>
		</dict>
		<key>71F19F39B21F8E8701545253</key>
		<dict>
			<key>fileEncoding</key>
			<string>4</string>
			<key>isa</key>
			<string>PBXFileReference</string>
			<key>lastKnownFileType</key>
			<string>wrapper.framework</string>
			<key>name</key>
			<string>UIKit.framework</string>
			<key>path</key>
			<string>System/Library/Frameworks/UIKit.framework</string>
			<key>sourceTree</key>
			<string>SDKROOT</string>
		</dict>
		<key>74A3F4442F4317D61855E20D</key>
		<dict>
			<key>fileEncoding</key>
			<string>4</string>
			<key>isa</key>
			<string>PBXFileReference</string>
			<key>lastKnownFileType</key>
			<string>wrapper.framework</string>
			<key>name</key>
			<string>AppCanEngine.framework</string>
			<key>path</key>
			<string>../../../AppCanPluginTools-iOS/resource/IDEPluginProjectPackageResource/AppCanEngine.framework</string>
			<key>sourceTree</key>
			<string>&lt;group&gt;</string>
		</dict>
		<key>772EE66F96236C13F7B9BE51</key>
		<dict>
			<key>fileRef</key>
			<string>CE6807B4C601DDB55BA6FD7B</string>
			<key>isa</key>
			<string>PBXBuildFile</string>
		</dict>
		<key>79DCC858CEB4999585B20EC6</key>
		<dict>
			<key>fileRef</key>
			<string>71F19F39B21F8E8701545253</string>
			<key>isa</key>
			<string>PBXBuildFile</string>
		</dict>
		<key>7F2CC8274A42CE65C0661C47</key>
		<dict>
			<key>fileEncoding</key>
			<string>4</string>
			<key>isa</key>
			<string>PBXFileReference</string>
			<key>lastKnownFileType</key>
			<string>wrapper.framework</string>
			<key>name</key>
			<string>AudioToolbox.framework</string>
			<key>path</key>
			<string>System/Library/Frameworks/AudioToolbox.framework</string>
			<key>sourceTree</key>
			<string>SDKROOT</string>
		</dict>
		<key>7FD47096BB916872851415EC</key>
		<dict>
			<key>fileRef</key>
			<string>3F56819FE3B729FE3C84C422</string>
			<key>isa</key>
			<string>PBXBuildFile</string>
		</dict>
		<key>8B9552F84B7090EB6F74B57A</key>
		<dict>
			<key>fileRef</key>
			<string>74A3F4442F4317D61855E20D</string>
			<key>isa</key>
			<string>PBXBuildFile</string>
		</dict>
		<key>A0327BEE10E8A1D3F379ECE6</key>
		<dict>
			<key>fileEncoding</key>
			<string>4</string>
			<key>isa</key>
			<string>PBXFileReference</string>
			<key>lastKnownFileType</key>
			<string>wrapper.framework</string>
			<key>name</key>
			<string>ImageIO.framework</string>
			<key>path</key>
			<string>System/Library/Frameworks/ImageIO.framework</string>
			<key>sourceTree</key>
			<string>SDKROOT</string>
		</dict>
		<key>A28372F8D492A36A2C949317</key>
		<dict>
			<key>fileRef</key>
			<string>FA6E66339A924B1DD2C23490</string>
			<key>isa</key>
			<string>PBXBuildFile</string>
		</dict>
		<key>A443C4D1E0641C5050F7DCE7</key>
		<dict>
			<key>fileRef</key>
			<string>B35517BC075C63C2AF07F207</string>
			<key>isa</key>
			<string>PBXBuildFile</string>
		</dict>
		<key>B35517BC075C63C2AF07F207</key>
		<dict>
			<key>fileEncoding</key>
			<string>4</string>
			<key>isa</key>
			<string>PBXFileReference</string>
			<key>lastKnownFileType</key>
			<string>wrapper.framework</string>
			<key>name</key>
			<string>CoreGraphics.framework</string>
			<key>path</key>
			<string>System/Library/Frameworks/CoreGraphics.framework</string>
			<key>sourceTree</key>
			<string>SDKROOT</string>
		</dict>
		<key>B56CACA583835458ADCCD552</key>
		<dict>
			<key>fileRef</key>
			<string>02349D2B91C67FC8DF41467B</string>
			<key>isa</key>
			<string>PBXBuildFile</string>
		</dict>
		<key>C601DBF6E956B70D512AD17C</key>
		<dict>
			<key>fileRef</key>
			<string>70A335463CAA10913EFC64BA</string>
			<key>isa</key>
			<string>PBXBuildFile</string>
		</dict>
		<key>CC0C4C7B4C3DCCE141C5062F</key>
		<dict>
			<key>fileRef</key>
			<string>EC245BE2756A3A22385F457A</string>
			<key>isa</key>
			<string>PBXBuildFile</string>
		</dict>
		<key>CE6807B4C601DDB55BA6FD7B</key>
		<dict>
			<key>fileEncoding</key>
			<string>4</string>
			<key>isa</key>
			<string>PBXFileReference</string>
			<key>lastKnownFileType</key>
			<string>wrapper.framework</string>
			<key>name</key>
			<string>SystemConfiguration.framework</string>
			<key>path</key>
			<string>System/Library/Frameworks/SystemConfiguration.framework</string>
			<key>sourceTree</key>
			<string>SDKROOT</string>
		</dict>
		<key>D3686D44564321A5B4879F30</key>
		<dict>
			<key>fileRef</key>
			<string>DFB1A1F2CC62755017989FB4</string>
			<key>isa</key>
			<string>PBXBuildFile</string>
		</dict>
		<key>DC8A68F7C5AD8AF60DD8A9C5</key>
		<dict>
			<key>fileRef</key>
			<string>7F2CC8274A42CE65C0661C47</string>
			<key>isa</key>
			<string>PBXBuildFile</string>
		</dict>
		<key>DFB1A1F2CC62755017989FB4</key>
		<dict>
			<key>fileEncoding</key>
			<string>4</string>
			<key>isa</key>
			<string>PBXFileReference</string>
			<key>lastKnownFileType</key>
			<string>archive.ar</string>
			<key>name</key>
			<string>libc++.tbd</string>
			<key>path</key>
			<string>usr/lib/libc++.tbd</string>
			<key>sourceTree</key>
			<string>SDKROOT</string>
		</dict>
		<key>EC245BE2756A3A22385F457A</key>
		<dict>
			<key>fileEncoding</key>
			<string>4</string>
			<key>isa</key>
			<string>PBXFileReference</string>
			<key>lastKnownFileType</key>
			<string>archive.ar</string>
			<key>name</key>
			<string>libz.tbd</string>
			<key>path</key>
			<string>usr/lib/libz.tbd</string>
			<key>sourceTree</key>
			<string>SDKROOT</string>
		</dict>
		<key>FA6E66339A924B1DD2C23490</key>
		<dict>
			<key>fileEncoding</key>
			<string>4</string>
			<key>isa</key>
			<string>PBXFileReference</string>
			<key>lastKnownFileType</key>
			<string>archive.ar</string>
			<key>name</key>
			<string>libstdc++.tbd</string>
			<key>path</key>
			<string>usr/lib/libstdc++.tbd</string>
			<key>sourceTree</key>
			<string>SDKROOT</string>
		</dict>
	</dict>
	<key>rootObject</key>
	<string>5A4DE77016DC6527005C97D4</string>
</dict>
</plist>
